
Microsoft Visual Studio Solution File, Format Version 12.00
# Visual Studio Version 16
VisualStudioVersion = 16.0.34031.81
MinimumVisualStudioVersion = 10.0.40219.1
Project("{2150E333-8FDC-42A3-9474-1A3956D46DE8}") = "Task0", "Task0", "{EDBA701C-8680-4FD9-8EBD-0EC726160A3F}"
EndProject
Project("{FAE04EC0-301F-11D3-BF4B-00C04F79EFBC}") = "Tyuiu.MartysevichAD.Sprint0.Task0.V0", "Tyuiu.MartysevichAD.Sprint0.Task0.V0\Tyuiu.MartysevichAD.Sprint0.Task0.V0.csproj", "{BB56D711-520E-4B66-AE66-67CF55F6EC6A}"
EndProject
Project("{2150E333-8FDC-42A3-9474-1A3956D46DE8}") = "Task1", "Task1", "{78B55D63-2105-4F4A-88D5-CF24F9630499}"
EndProject
Project("{FAE04EC0-301F-11D3-BF4B-00C04F79EFBC}") = "Tyuiu.MartysevichAD.Sprint0.Task1.V0", "Tyuiu.MartysevichAD.Sprint0.Task1.V0\Tyuiu.MartysevichAD.Sprint0.Task1.V0.csproj", "{9DE5A412-584F-4AE2-AFDC-DE31D8C18591}"
EndProject
Project("{2150E333-8FDC-42A3-9474-1A3956D46DE8}") = "Task2", "Task2", "{77A5B1D5-40BD-4DA4-AA6B-9369AF85B8DD}"
EndProject
Project("{FAE04EC0-301F-11D3-BF4B-00C04F79EFBC}") = "Tyuiu.MartysevichAD.Sprint0.Task2.V0", "Tyuiu.MartysevichAD.Sprint0.Task2.V0\Tyuiu.MartysevichAD.Sprint0.Task2.V0.csproj", "{11306EED-5BF6-4F7D-8031-F8EB0E62F639}"
EndProject
Project("{FAE04EC0-301F-11D3-BF4B-00C04F79EFBC}") = "Tyuiu.MartysevichAD.Sprint0.Task2.V0.Lib", "Tyuiu.MartysevichAD.Sprint0.Task2.V0.Lib\Tyuiu.MartysevichAD.Sprint0.Task2.V0.Lib.csproj", "{3BEF408A-B82A-4AE3-9F55-0AE15B4C122B}"
EndProject
Project("{FAE04EC0-301F-11D3-BF4B-00C04F79EFBC}") = "Tyuiu.MartysevichAD.Sprint0.Task2.V0.Test", "Tyuiu.MartysevichAD.Sprint0.Task2.V0.Test\Tyuiu.MartysevichAD.Sprint0.Task2.V0.Test.csproj", "{F6E094B4-8E92-4C1D-BDFF-961C83888FBD}"
EndProject
Project("{2150E333-8FDC-42A3-9474-1A3956D46DE8}") = "Task3", "Task3", "{EB9ED2C9-A91C-422C-8996-2CB16D0D72E6}"
EndProject
Project("{FAE04EC0-301F-11D3-BF4B-00C04F79EFBC}") = "Tyuiu.MartysevichAD.Sprint0.Task3.V0", "Tyuiu.MartysevichAD.Sprint0.Task3.V0\Tyuiu.MartysevichAD.Sprint0.Task3.V0.csproj", "{A27CB6DE-6394-4A09-AB7D-692754EB67CA}"
EndProject
Project("{FAE04EC0-301F-11D3-BF4B-00C04F79EFBC}") = "Tyuiu.MartysevichAD.Sprint0.Task3.V0.Lib", "Tyuiu.MartysevichAD.Sprint0.Task3.V0.Lib\Tyuiu.MartysevichAD.Sprint0.Task3.V0.Lib.csproj", "{243782A2-A168-426B-91CA-5053BA8662D3}"
EndProject
Project("{FAE04EC0-301F-11D3-BF4B-00C04F79EFBC}") = "Tyuiu.MartysevichAD.Sprint0.Task3.V0.Test", "Tyuiu.MartysevichAD.Sprint0.Task3.V0.Test\Tyuiu.MartysevichAD.Sprint0.Task3.V0.Test.csproj", "{713CE22D-0CB2-4194-A3BC-3FCBB3F7C27B}"
EndProject
Project("{2150E333-8FDC-42A3-9474-1A3956D46DE8}") = "Task4", "Task4", "{31F60AE3-3AB1-45F4-AA62-2BBB7B530AA4}"
EndProject
Project("{FAE04EC0-301F-11D3-BF4B-00C04F79EFBC}") = "Tyuiu.MartysevichAD.Sprint0.Task4.V0.Test", "Tyuiu.MartysevichAD.Sprint0.Task4.V0.Test\Tyuiu.MartysevichAD.Sprint0.Task4.V0.Test.csproj", "{9255382F-4711-4CB3-BB2B-6AF912F31F16}"
EndProject
Project("{FAE04EC0-301F-11D3-BF4B-00C04F79EFBC}") = "Tyuiu.MartysevichAD.Sprint0.Task4.V0.Lib", "Tyuiu.MartysevichAD.Sprint0.Task4.V0.Lib\Tyuiu.MartysevichAD.Sprint0.Task4.V0.Lib.csproj", "{36E80FEF-ADF2-4514-BDD0-A53567432D06}"
EndProject
Project("{FAE04EC0-301F-11D3-BF4B-00C04F79EFBC}") = "Tyuiu.MartysevichAD.Sprint0.Task4.V0", "Tyuiu.MartysevichAD.Sprint0.Task4.V0\Tyuiu.MartysevichAD.Sprint0.Task4.V0.csproj", "{E8922DBD-94B5-4446-BAFB-23972F02A0BD}"
EndProject
Project("{2150E333-8FDC-42A3-9474-1A3956D46DE8}") = "Task5", "Task5", "{2E28F36D-0EBC-4E55-B6BA-CF6DDCFD57EA}"
EndProject
Project("{FAE04EC0-301F-11D3-BF4B-00C04F79EFBC}") = "Tyuiu.MartysevichAD.Sprint0.Task5.V0", "Tyuiu.MartysevichAD.Sprint0.Task5\Tyuiu.MartysevichAD.Sprint0.Task5.V0.csproj", "{48697FE7-2C60-4A9E-B4F8-AA4318A21B67}"
EndProject
Project("{FAE04EC0-301F-11D3-BF4B-00C04F79EFBC}") = "Tyuiu.MartysevichAD.Sprint0.Task5.V0.Lib", "Tyuiu.MartysevichAD.Sprint0.Task5.Lib\Tyuiu.MartysevichAD.Sprint0.Task5.V0.Lib.csproj", "{E304C889-4C84-4E99-9B27-1A02C612E1D9}"
EndProject
Project("{FAE04EC0-301F-11D3-BF4B-00C04F79EFBC}") = "Tyuiu.MartysevichAD.Sprint0.Task5.V0.Test", "Tyuiu.MartysevichAD.Sprint0.Task5.Test\Tyuiu.MartysevichAD.Sprint0.Task5.V0.Test.csproj", "{8DFBAA63-2580-49D3-9EE6-33CEB915DB8D}"
EndProject
Project("{2150E333-8FDC-42A3-9474-1A3956D46DE8}") = "Task6", "Task6", "{2CFF588A-A8DC-4D9B-BA5A-AE1AD4F4E7FD}"
EndProject
Project("{FAE04EC0-301F-11D3-BF4B-00C04F79EFBC}") = "Tyuiu.MartysevichAD.Sprint0.Task6.V0.Test", "Tyuiu.MartysevichAD.Sprint0.Task6.V0.Test\Tyuiu.MartysevichAD.Sprint0.Task6.V0.Test.csproj", "{1D46B204-C209-4826-8F9D-6C8BB73D6CFE}"
EndProject
Project("{FAE04EC0-301F-11D3-BF4B-00C04F79EFBC}") = "Tyuiu.MartysevichAD.Sprint0.Task6.V0.Lib", "Tyuiu.MartysevichAD.Sprint0.Task6.V0.Lib\Tyuiu.MartysevichAD.Sprint0.Task6.V0.Lib.csproj", "{182C4F13-5200-4F53-B6C5-883EFBE05B66}"
EndProject
Project("{FAE04EC0-301F-11D3-BF4B-00C04F79EFBC}") = "Tyuiu.MartysevichAD.Sprint0.Task6.V0", "Tyuiu.MartysevichAD.Sprint0.Task6.V0\Tyuiu.MartysevichAD.Sprint0.Task6.V0.csproj", "{4EB6CC26-0406-4B21-A743-D555C1E40248}"
EndProject
Global
	GlobalSection(SolutionConfigurationPlatforms) = preSolution
		Debug|Any CPU = Debug|Any CPU
		Release|Any CPU = Release|Any CPU
	EndGlobalSection
	GlobalSection(ProjectConfigurationPlatforms) = postSolution
		{BB56D711-520E-4B66-AE66-67CF55F6EC6A}.Debug|Any CPU.ActiveCfg = Debug|Any CPU
		{BB56D711-520E-4B66-AE66-67CF55F6EC6A}.Debug|Any CPU.Build.0 = Debug|Any CPU
		{BB56D711-520E-4B66-AE66-67CF55F6EC6A}.Release|Any CPU.ActiveCfg = Release|Any CPU
		{BB56D711-520E-4B66-AE66-67CF55F6EC6A}.Release|Any CPU.Build.0 = Release|Any CPU
		{9DE5A412-584F-4AE2-AFDC-DE31D8C18591}.Debug|Any CPU.ActiveCfg = Debug|Any CPU
		{9DE5A412-584F-4AE2-AFDC-DE31D8C18591}.Debug|Any CPU.Build.0 = Debug|Any CPU
		{9DE5A412-584F-4AE2-AFDC-DE31D8C18591}.Release|Any CPU.ActiveCfg = Release|Any CPU
		{9DE5A412-584F-4AE2-AFDC-DE31D8C18591}.Release|Any CPU.Build.0 = Release|Any CPU
		{11306EED-5BF6-4F7D-8031-F8EB0E62F639}.Debug|Any CPU.ActiveCfg = Debug|Any CPU
		{11306EED-5BF6-4F7D-8031-F8EB0E62F639}.Debug|Any CPU.Build.0 = Debug|Any CPU
		{11306EED-5BF6-4F7D-8031-F8EB0E62F639}.Release|Any CPU.ActiveCfg = Release|Any CPU
		{11306EED-5BF6-4F7D-8031-F8EB0E62F639}.Release|Any CPU.Build.0 = Release|Any CPU
		{3BEF408A-B82A-4AE3-9F55-0AE15B4C122B}.Debug|Any CPU.ActiveCfg = Debug|Any CPU
		{3BEF408A-B82A-4AE3-9F55-0AE15B4C122B}.Debug|Any CPU.Build.0 = Debug|Any CPU
		{3BEF408A-B82A-4AE3-9F55-0AE15B4C122B}.Release|Any CPU.ActiveCfg = Release|Any CPU
		{3BEF408A-B82A-4AE3-9F55-0AE15B4C122B}.Release|Any CPU.Build.0 = Release|Any CPU
		{F6E094B4-8E92-4C1D-BDFF-961C83888FBD}.Debug|Any CPU.ActiveCfg = Debug|Any CPU
		{F6E094B4-8E92-4C1D-BDFF-961C83888FBD}.Debug|Any CPU.Build.0 = Debug|Any CPU
		{F6E094B4-8E92-4C1D-BDFF-961C83888FBD}.Release|Any CPU.ActiveCfg = Release|Any CPU
		{F6E094B4-8E92-4C1D-BDFF-961C83888FBD}.Release|Any CPU.Build.0 = Release|Any CPU
		{A27CB6DE-6394-4A09-AB7D-692754EB67CA}.Debug|Any CPU.ActiveCfg = Debug|Any CPU
		{A27CB6DE-6394-4A09-AB7D-692754EB67CA}.Debug|Any CPU.Build.0 = Debug|Any CPU
		{A27CB6DE-6394-4A09-AB7D-692754EB67CA}.Release|Any CPU.ActiveCfg = Release|Any CPU
		{A27CB6DE-6394-4A09-AB7D-692754EB67CA}.Release|Any CPU.Build.0 = Release|Any CPU
		{243782A2-A168-426B-91CA-5053BA8662D3}.Debug|Any CPU.ActiveCfg = Debug|Any CPU
		{243782A2-A168-426B-91CA-5053BA8662D3}.Debug|Any CPU.Build.0 = Debug|Any CPU
		{243782A2-A168-426B-91CA-5053BA8662D3}.Release|Any CPU.ActiveCfg = Release|Any CPU
		{243782A2-A168-426B-91CA-5053BA8662D3}.Release|Any CPU.Build.0 = Release|Any CPU
		{713CE22D-0CB2-4194-A3BC-3FCBB3F7C27B}.Debug|Any CPU.ActiveCfg = Debug|Any CPU
		{713CE22D-0CB2-4194-A3BC-3FCBB3F7C27B}.Debug|Any CPU.Build.0 = Debug|Any CPU
		{713CE22D-0CB2-4194-A3BC-3FCBB3F7C27B}.Release|Any CPU.ActiveCfg = Release|Any CPU
		{713CE22D-0CB2-4194-A3BC-3FCBB3F7C27B}.Release|Any CPU.Build.0 = Release|Any CPU
		{9255382F-4711-4CB3-BB2B-6AF912F31F16}.Debug|Any CPU.ActiveCfg = Debug|Any CPU
		{9255382F-4711-4CB3-BB2B-6AF912F31F16}.Debug|Any CPU.Build.0 = Debug|Any CPU
		{9255382F-4711-4CB3-BB2B-6AF912F31F16}.Release|Any CPU.ActiveCfg = Release|Any CPU
		{9255382F-4711-4CB3-BB2B-6AF912F31F16}.Release|Any CPU.Build.0 = Release|Any CPU
		{36E80FEF-ADF2-4514-BDD0-A53567432D06}.Debug|Any CPU.ActiveCfg = Debug|Any CPU
		{36E80FEF-ADF2-4514-BDD0-A53567432D06}.Debug|Any CPU.Build.0 = Debug|Any CPU
		{36E80FEF-ADF2-4514-BDD0-A53567432D06}.Release|Any CPU.ActiveCfg = Release|Any CPU
		{36E80FEF-ADF2-4514-BDD0-A53567432D06}.Release|Any CPU.Build.0 = Release|Any CPU
		{E8922DBD-94B5-4446-BAFB-23972F02A0BD}.Debug|Any CPU.ActiveCfg = Debug|Any CPU
		{E8922DBD-94B5-4446-BAFB-23972F02A0BD}.Debug|Any CPU.Build.0 = Debug|Any CPU
		{E8922DBD-94B5-4446-BAFB-23972F02A0BD}.Release|Any CPU.ActiveCfg = Release|Any CPU
		{E8922DBD-94B5-4446-BAFB-23972F02A0BD}.Release|Any CPU.Build.0 = Release|Any CPU
		{48697FE7-2C60-4A9E-B4F8-AA4318A21B67}.Debug|Any CPU.ActiveCfg = Debug|Any CPU
		{48697FE7-2C60-4A9E-B4F8-AA4318A21B67}.Debug|Any CPU.Build.0 = Debug|Any CPU
		{48697FE7-2C60-4A9E-B4F8-AA4318A21B67}.Release|Any CPU.ActiveCfg = Release|Any CPU
		{48697FE7-2C60-4A9E-B4F8-AA4318A21B67}.Release|Any CPU.Build.0 = Release|Any CPU
		{E304C889-4C84-4E99-9B27-1A02C612E1D9}.Debug|Any CPU.ActiveCfg = Debug|Any CPU
		{E304C889-4C84-4E99-9B27-1A02C612E1D9}.Debug|Any CPU.Build.0 = Debug|Any CPU
		{E304C889-4C84-4E99-9B27-1A02C612E1D9}.Release|Any CPU.ActiveCfg = Release|Any CPU
		{E304C889-4C84-4E99-9B27-1A02C612E1D9}.Release|Any CPU.Build.0 = Release|Any CPU
		{8DFBAA63-2580-49D3-9EE6-33CEB915DB8D}.Debug|Any CPU.ActiveCfg = Debug|Any CPU
		{8DFBAA63-2580-49D3-9EE6-33CEB915DB8D}.Debug|Any CPU.Build.0 = Debug|Any CPU
		{8DFBAA63-2580-49D3-9EE6-33CEB915DB8D}.Release|Any CPU.ActiveCfg = Release|Any CPU
		{8DFBAA63-2580-49D3-9EE6-33CEB915DB8D}.Release|Any CPU.Build.0 = Release|Any CPU
		{1D46B204-C209-4826-8F9D-6C8BB73D6CFE}.Debug|Any CPU.ActiveCfg = Debug|Any CPU
		{1D46B204-C209-4826-8F9D-6C8BB73D6CFE}.Debug|Any CPU.Build.0 = Debug|Any CPU
		{1D46B204-C209-4826-8F9D-6C8BB73D6CFE}.Release|Any CPU.ActiveCfg = Release|Any CPU
		{1D46B204-C209-4826-8F9D-6C8BB73D6CFE}.Release|Any CPU.Build.0 = Release|Any CPU
		{182C4F13-5200-4F53-B6C5-883EFBE05B66}.Debug|Any CPU.ActiveCfg = Debug|Any CPU
		{182C4F13-5200-4F53-B6C5-883EFBE05B66}.Debug|Any CPU.Build.0 = Debug|Any CPU
		{182C4F13-5200-4F53-B6C5-883EFBE05B66}.Release|Any CPU.ActiveCfg = Release|Any CPU
		{182C4F13-5200-4F53-B6C5-883EFBE05B66}.Release|Any CPU.Build.0 = Release|Any CPU
		{4EB6CC26-0406-4B21-A743-D555C1E40248}.Debug|Any CPU.ActiveCfg = Debug|Any CPU
		{4EB6CC26-0406-4B21-A743-D555C1E40248}.Debug|Any CPU.Build.0 = Debug|Any CPU
		{4EB6CC26-0406-4B21-A743-D555C1E40248}.Release|Any CPU.ActiveCfg = Release|Any CPU
		{4EB6CC26-0406-4B21-A743-D555C1E40248}.Release|Any CPU.Build.0 = Release|Any CPU
	EndGlobalSection
	GlobalSection(SolutionProperties) = preSolution
		HideSolutionNode = FALSE
	EndGlobalSection
	GlobalSection(NestedProjects) = preSolution
		{BB56D711-520E-4B66-AE66-67CF55F6EC6A} = {EDBA701C-8680-4FD9-8EBD-0EC726160A3F}
		{9DE5A412-584F-4AE2-AFDC-DE31D8C18591} = {78B55D63-2105-4F4A-88D5-CF24F9630499}
		{11306EED-5BF6-4F7D-8031-F8EB0E62F639} = {77A5B1D5-40BD-4DA4-AA6B-9369AF85B8DD}
		{3BEF408A-B82A-4AE3-9F55-0AE15B4C122B} = {77A5B1D5-40BD-4DA4-AA6B-9369AF85B8DD}
		{F6E094B4-8E92-4C1D-BDFF-961C83888FBD} = {77A5B1D5-40BD-4DA4-AA6B-9369AF85B8DD}
		{A27CB6DE-6394-4A09-AB7D-692754EB67CA} = {EB9ED2C9-A91C-422C-8996-2CB16D0D72E6}
		{243782A2-A168-426B-91CA-5053BA8662D3} = {EB9ED2C9-A91C-422C-8996-2CB16D0D72E6}
		{713CE22D-0CB2-4194-A3BC-3FCBB3F7C27B} = {EB9ED2C9-A91C-422C-8996-2CB16D0D72E6}
		{9255382F-4711-4CB3-BB2B-6AF912F31F16} = {31F60AE3-3AB1-45F4-AA62-2BBB7B530AA4}
		{36E80FEF-ADF2-4514-BDD0-A53567432D06} = {31F60AE3-3AB1-45F4-AA62-2BBB7B530AA4}
		{E8922DBD-94B5-4446-BAFB-23972F02A0BD} = {31F60AE3-3AB1-45F4-AA62-2BBB7B530AA4}
		{48697FE7-2C60-4A9E-B4F8-AA4318A21B67} = {2E28F36D-0EBC-4E55-B6BA-CF6DDCFD57EA}
		{E304C889-4C84-4E99-9B27-1A02C612E1D9} = {2E28F36D-0EBC-4E55-B6BA-CF6DDCFD57EA}
		{8DFBAA63-2580-49D3-9EE6-33CEB915DB8D} = {2E28F36D-0EBC-4E55-B6BA-CF6DDCFD57EA}
		{1D46B204-C209-4826-8F9D-6C8BB73D6CFE} = {2CFF588A-A8DC-4D9B-BA5A-AE1AD4F4E7FD}
		{182C4F13-5200-4F53-B6C5-883EFBE05B66} = {2CFF588A-A8DC-4D9B-BA5A-AE1AD4F4E7FD}
		{4EB6CC26-0406-4B21-A743-D555C1E40248} = {2CFF588A-A8DC-4D9B-BA5A-AE1AD4F4E7FD}
	EndGlobalSection
	GlobalSection(ExtensibilityGlobals) = postSolution
		SolutionGuid = {5B2B0F2F-8027-4ACA-8375-80B71B2874EC}
	EndGlobalSection
EndGlobal
